
Microsoft Visual Studio Solution File, Format Version 12.00
# Visual Studio Version 16
VisualStudioVersion = 16.0.28803.202
MinimumVisualStudioVersion = 10.0.40219.1
Project("{FAE04EC0-301F-11D3-BF4B-00C04F79EFBC}") = "HackerNews", "HackerNews\HackerNews.csproj", "{CA68B4C2-70B7-411D-90B5-3365479EB7B1}"
EndProject
Project("{FAE04EC0-301F-11D3-BF4B-00C04F79EFBC}") = "UnitTest", "UnitTest\UnitTest.csproj", "{F7C2C7C4-9DA8-4CCA-8374-B8ADD15A1E78}"
EndProject
Global
	GlobalSection(SolutionConfigurationPlatforms) = preSolution
		Debug|Any CPU = Debug|Any CPU
		Release|Any CPU = Release|Any CPU
	EndGlobalSection
	GlobalSection(ProjectConfigurationPlatforms) = postSolution
		{CA68B4C2-70B7-411D-90B5-3365479EB7B1}.Debug|Any CPU.ActiveCfg = Debug|Any CPU
		{CA68B4C2-70B7-411D-90B5-3365479EB7B1}.Debug|Any CPU.Build.0 = Debug|Any CPU
		{CA68B4C2-70B7-411D-90B5-3365479EB7B1}.Release|Any CPU.ActiveCfg = Release|Any CPU
		{CA68B4C2-70B7-411D-90B5-3365479EB7B1}.Release|Any CPU.Build.0 = Release|Any CPU
		{F7C2C7C4-9DA8-4CCA-8374-B8ADD15A1E78}.Debug|Any CPU.ActiveCfg = Debug|Any CPU
		{F7C2C7C4-9DA8-4CCA-8374-B8ADD15A1E78}.Debug|Any CPU.Build.0 = Debug|Any CPU
		{F7C2C7C4-9DA8-4CCA-8374-B8ADD15A1E78}.Release|Any CPU.ActiveCfg = Release|Any CPU
		{F7C2C7C4-9DA8-4CCA-8374-B8ADD15A1E78}.Release|Any CPU.Build.0 = Release|Any CPU
	EndGlobalSection
	GlobalSection(SolutionProperties) = preSolution
		HideSolutionNode = FALSE
	EndGlobalSection
	GlobalSection(ExtensibilityGlobals) = postSolution
		SolutionGuid = {694CC445-C044-4622-BA2C-4139A5A60369}
	EndGlobalSection
EndGlobal
